PODS:
  - Cache (6.0.0)
  - Charts (4.1.0):
    - Charts/Core (= 4.1.0)
  - Charts/Core (4.1.0):
    - SwiftAlgorithms (~> 1.0)
  - CombineExt (1.8.0)
  - CoreGPX (0.9.0)
  - CoreStore (9.1.0)
  - SnapKit (5.6.0)
  - SwiftAlgorithms (1.0.0)

DEPENDENCIES:
  - Cache (~> 6.0)
  - Charts
  - CombineExt
  - CoreGPX (~> 0.9.0)
  - CoreStore (~> 9.1.0)
  - SnapKit

SPEC REPOS:
  trunk:
    - Cache
    - Charts
    - CombineExt
    - CoreGPX
    - CoreStore
    - SnapKit
    - SwiftAlgorithms

SPEC CHECKSUMS:
  Cache: 4ca7e00363fca5455f26534e5607634c820ffc2d
  Charts: ce0768268078eee0336f122c3c4ca248e4e204c5
  CombineExt: c4daa97ef75754d8ef319bd79edeef82652f3eea
  CoreGPX: 1381c8c47428c3a6bcac2f93d25ca1c5e3525811
  CoreStore: 106b1d24b58a88c8a5775be2be32ede5f52790f2
  SnapKit: e01d52ebb8ddbc333eefe2132acf85c8227d9c25
  SwiftAlgorithms: 38dda4731d19027fdeee1125f973111bf3386b53

PODFILE CHECKSUM: 408fe3ac6cf29bb77ec3fe39d16a8116ab774bff

COCOAPODS: 1.15.2
